Microsoft Visual Studio Solution File, Format Version 12.00
# Visual Studio Version 17
VisualStudioVersion = 17.5.2.0
MinimumVisualStudioVersion = 10.0.40219.1
Project("{FAE04EC0-301F-11D3-BF4B-00C04F79EFBC}") = "TP07_ROTH", "TP07_ROTH.csproj", "{1152088E-40CF-D068-067F-C3B991E605FE}"
EndProject
Global
	GlobalSection(SolutionConfigurationPlatforms) = preSolution
		Debug|Any CPU = Debug|Any CPU
		Release|Any CPU = Release|Any CPU
	EndGlobalSection
	GlobalSection(ProjectConfigurationPlatforms) = postSolution
		{1152088E-40CF-D068-067F-C3B991E605FE}.Debug|Any CPU.ActiveCfg = Debug|Any CPU
		{1152088E-40CF-D068-067F-C3B991E605FE}.Debug|Any CPU.Build.0 = Debug|Any CPU
		{1152088E-40CF-D068-067F-C3B991E605FE}.Release|Any CPU.ActiveCfg = Release|Any CPU
		{1152088E-40CF-D068-067F-C3B991E605FE}.Release|Any CPU.Build.0 = Release|Any CPU
	EndGlobalSection
	GlobalSection(SolutionProperties) = preSolution
		HideSolutionNode = FALSE
	EndGlobalSection
	GlobalSection(ExtensibilityGlobals) = postSolution
		SolutionGuid = {2061502B-F78A-4771-AC90-F342D2F5D64F}
	EndGlobalSection
EndGlobal
